
Microsoft Visual Studio Solution File, Format Version 12.00
# Visual Studio 15
Project("{FAE04EC0-301F-11D3-BF4B-00C04F79EFBC}") = "Assembly-CSharp", "Assembly-CSharp.csproj", "{57575DBA-0C90-F0D3-68F1-A27C923AD372}"
EndProject
Project("{FAE04EC0-301F-11D3-BF4B-00C04F79EFBC}") = "Assembly-CSharp-Editor", "Assembly-CSharp-Editor.csproj", "{7067ABA1-4AAE-7845-5C74-336368F68EB6}"
EndProject
Global
	GlobalSection(SolutionConfigurationPlatforms) = preSolution
		Debug|Any CPU = Debug|Any CPU
		Release|Any CPU = Release|Any CPU
	EndGlobalSection
	GlobalSection(ProjectConfigurationPlatforms) = postSolution
		{57575DBA-0C90-F0D3-68F1-A27C923AD372}.Debug|Any CPU.ActiveCfg = Debug|Any CPU
		{57575DBA-0C90-F0D3-68F1-A27C923AD372}.Debug|Any CPU.Build.0 = Debug|Any CPU
		{57575DBA-0C90-F0D3-68F1-A27C923AD372}.Release|Any CPU.ActiveCfg = Release|Any CPU
		{57575DBA-0C90-F0D3-68F1-A27C923AD372}.Release|Any CPU.Build.0 = Release|Any CPU
		{7067ABA1-4AAE-7845-5C74-336368F68EB6}.Debug|Any CPU.ActiveCfg = Debug|Any CPU
		{7067ABA1-4AAE-7845-5C74-336368F68EB6}.Debug|Any CPU.Build.0 = Debug|Any CPU
		{7067ABA1-4AAE-7845-5C74-336368F68EB6}.Release|Any CPU.ActiveCfg = Release|Any CPU
		{7067ABA1-4AAE-7845-5C74-336368F68EB6}.Release|Any CPU.Build.0 = Release|Any CPU
	EndGlobalSection
	GlobalSection(SolutionProperties) = preSolution
		HideSolutionNode = FALSE
	EndGlobalSection
EndGlobal
